// !$*UTF8*$!
{
	archiveVersion = 1;
	classes = {
	};
	objectVersion = 48;
	objects = {

/* Begin PBXBuildFile section */
		4658AFCC1FF22C3000C4A337 /* AppDelegate.m in Sources */ = {isa = PBXBuildFile; fileRef = 4658AFCB1FF22C3000C4A337 /* AppDelegate.m */; };
		4658AFCF1FF22C3000C4A337 /* ViewController.m in Sources */ = {isa = PBXBuildFile; fileRef = 4658AFCE1FF22C3000C4A337 /* ViewController.m */; };
		4658AFD21FF22C3000C4A337 /* Main.storyboard in Resources */ = {isa = PBXBuildFile; fileRef = 4658AFD01FF22C3000C4A337 /* Main.storyboard */; };
		4658AFD51FF22C3000C4A337 /* plist.xcdatamodeld in Sources */ = {isa = PBXBuildFile; fileRef = 4658AFD31FF22C3000C4A337 /* plist.xcdatamodeld */; };
		4658AFD71FF22C3100C4A337 /* Assets.xcassets in Resources */ = {isa = PBXBuildFile; fileRef = 4658AFD61FF22C3100C4A337 /* Assets.xcassets */; };
		4658AFDA1FF22C3100C4A337 /* LaunchScreen.storyboard in Resources */ = {isa = PBXBuildFile; fileRef = 4658AFD81FF22C3100C4A337 /* LaunchScreen.storyboard */; };
		4658AFDD1FF22C3100C4A337 /* main.m in Sources */ = {isa = PBXBuildFile; fileRef = 4658AFDC1FF22C3100C4A337 /* main.m */; };
/* End PBXBuildFile section */

/* Begin PBXFileReference section */
		4658AFC71FF22C2E00C4A337 /* plist.app */ = {isa = PBXFileReference; explicitFileType = wrapper.application; includeInIndex = 0; path = plist.app; sourceTree = BUILT_PRODUCTS_DIR; };
		4658AFCA1FF22C2F00C4A337 /* AppDelegate.h */ = {isa = PBXFileReference; lastKnownFileType = sourcecode.c.h; path = AppDelegate.h; sourceTree = "<group>"; };
		4658AFCB1FF22C3000C4A337 /* AppDelegate.m */ = {isa = PBXFileReference; lastKnownFileType = sourcecode.c.objc; path = AppDelegate.m; sourceTree = "<group>"; };
		4658AFCD1FF22C3000C4A337 /* ViewController.h */ = {isa = PBXFileReference; lastKnownFileType = sourcecode.c.h; path = ViewController.h; sourceTree = "<group>"; };
		4658AFCE1FF22C3000C4A337 /* ViewController.m */ = {isa = PBXFileReference; lastKnownFileType = sourcecode.c.objc; path = ViewController.m; sourceTree = "<group>"; };
		4658AFD11FF22C3000C4A337 /* Base */ = {isa = PBXFileReference; lastKnownFileType = file.storyboard; name = Base; path = Base.lproj/Main.storyboard; sourceTree = "<group>"; };
		4658AFD41FF22C3000C4A337 /* plist.xcdatamodel */ = {isa = PBXFileReference; lastKnownFileType = wrapper.xcdatamodel; path = plist.xcdatamodel; sourceTree = "<group>"; };
		4658AFD61FF22C3100C4A337 /* Assets.xcassets */ = {isa = PBXFileReference; lastKnownFileType = folder.assetcatalog; path = Assets.xcassets; sourceTree = "<group>"; };
		4658AFD91FF22C3100C4A337 /* Base */ = {isa = PBXFileReference; lastKnownFileType = file.storyboard; name = Base; path = Base.lproj/LaunchScreen.storyboard; sourceTree = "<group>"; };
		4658AFDB1FF22C3100C4A337 /* Info.plist */ = {isa = PBXFileReference; lastKnownFileType = text.plist.xml; path = Info.plist; sourceTree = "<group>"; };
		4658AFDC1FF22C3100C4A337 /* main.m */ = {isa = PBXFileReference; lastKnownFileType = sourcecode.c.objc; path = main.m; sourceTree = "<group>"; };
/* End PBXFileReference section */

/* Begin PBXFrameworksBuildPhase section */
		4658AFC41FF22C2E00C4A337 /* Frameworks */ = {
			isa = PBXFrameworksBuildPhase;
			buildActionMask = 2147483647;
			files = (
			);
			runOnlyForDeploymentPostprocessing = 0;
		};
/* End PBXFrameworksBuildPhase section */

/* Begin PBXGroup section */
		4658AFBE1FF22C2D00C4A337 = {
			isa = PBXGroup;
			children = (
				4658AFC91FF22C2F00C4A337 /* plist */,
				4658AFC81FF22C2E00C4A337 /* Products */,
			);
			sourceTree = "<group>";
		};
		4658AFC81FF22C2E00C4A337 /* Products */ = {
			isa = PBXGroup;
			children = (
				4658AFC71FF22C2E00C4A337 /* plist.app */,
			);
			name = Products;
			sourceTree = "<group>";
		};
		4658AFC91FF22C2F00C4A337 /* plist */ = {
			isa = PBXGroup;
			children = (
				4658AFCA1FF22C2F00C4A337 /* AppDelegate.h */,
				4658AFCB1FF22C3000C4A337 /* AppDelegate.m */,
				4658AFCD1FF22C3000C4A337 /* ViewController.h */,
				4658AFCE1FF22C3000C4A337 /* ViewController.m */,
				4658AFD01FF22C3000C4A337 /* Main.storyboard */,
				4658AFD61FF22C3100C4A337 /* Assets.xcassets */,
				4658AFD81FF22C3100C4A337 /* LaunchScreen.storyboard */,
				4658AFDB1FF22C3100C4A337 /* Info.plist */,
				4658AFDC1FF22C3100C4A337 /* main.m */,
				4658AFD31FF22C3000C4A337 /* plist.xcdatamodeld */,
			);
			path = plist;
			sourceTree = "<group>";
		};
/* End PBXGroup section */

/* Begin PBXNativeTarget section */
		4658AFC61FF22C2E00C4A337 /* plist */ = {
			isa = PBXNativeTarget;
			buildConfigurationList = 4658AFE01FF22C3100C4A337 /* Build configuration list for PBXNativeTarget "plist" */;
			buildPhases = (
				4658AFC31FF22C2E00C4A337 /* Sources */,
				4658AFC41FF22C2E00C4A337 /* Frameworks */,
				4658AFC51FF22C2E00C4A337 /* Resources */,
			);
			buildRules = (
			);
			dependencies = (
			);
			name = plist;
			productName = plist;
			productReference = 4658AFC71FF22C2E00C4A337 /* plist.app */;
			productType = "com.apple.product-type.application";
		};
/* End PBXNativeTarget section */

/* Begin PBXProject section */
		4658AFBF1FF22C2D00C4A337 /* Project object */ = {
			isa = PBXProject;
			attributes = {
				LastUpgradeCheck = 0920;
				ORGANIZATIONNAME = SETINFOTECH;
				TargetAttributes = {
					4658AFC61FF22C2E00C4A337 = {
						CreatedOnToolsVersion = 9.2;
						ProvisioningStyle = Automatic;
					};
				};
			};
			buildConfigurationList = 4658AFC21FF22C2D00C4A337 /* Build configuration list for PBXProject "plist" */;
			compatibilityVersion = "Xcode 8.0";
			developmentRegion = en;
			hasScannedForEncodings = 0;
			knownRegions = (
				en,
				Base,
			);
			mainGroup = 4658AFBE1FF22C2D00C4A337;
			productRefGroup = 4658AFC81FF22C2E00C4A337 /* Products */;
			projectDirPath = "";
			projectRoot = "";
			targets = (
				4658AFC61FF22C2E00C4A337 /* plist */,
			);
		};
/* End PBXProject section */

/* Begin PBXResourcesBuildPhase section */
		4658AFC51FF22C2E00C4A337 /* Resources */ = {
			isa = PBXResourcesBuildPhase;
			buildActionMask = 2147483647;
			files = (
				4658AFDA1FF22C3100C4A337 /* LaunchScreen.storyboard in Resources */,
				4658AFD71FF22C3100C4A337 /* Assets.xcassets in Resources */,
				4658AFD21FF22C3000C4A337 /* Main.storyboard in Resources */,
			);
			runOnlyForDeploymentPostprocessing = 0;
		};
/* End PBXResourcesBuildPhase section */

/* Begin PBXSourcesBuildPhase section */
		4658AFC31FF22C2E00C4A337 /* Sources */ = {
			isa = PBXSourcesBuildPhase;
			buildActionMask = 2147483647;
			files = (
				4658AFD51FF22C3000C4A337 /* plist.xcdatamodeld in Sources */,
				4658AFCF1FF22C3000C4A337 /* ViewController.m in Sources */,
				4658AFDD1FF22C3100C4A337 /* main.m in Sources */,
				4658AFCC1FF22C3000C4A337 /* AppDelegate.m in Sources */,
			);
			runOnlyForDeploymentPostprocessing = 0;
		};
/* End PBXSourcesBuildPhase section */

/* Begin PBXVariantGroup section */
		4658AFD01FF22C3000C4A337 /* Main.storyboard */ = {
			isa = PBXVariantGroup;
			children = (
				4658AFD11FF22C3000C4A337 /* Base */,
			);
			name = Main.storyboard;
			sourceTree = "<group>";
		};
		4658AFD81FF22C3100C4A337 /* LaunchScreen.storyboard */ = {
			isa = PBXVariantGroup;
			children = (
				4658AFD91FF22C3100C4A337 /* Base */,
			);
			name = LaunchScreen.storyboard;
			sourceTree = "<group>";
		};
/* End PBXVariantGroup section */

/* Begin XCBuildConfiguration section */
		4658AFDE1FF22C3100C4A337 /* Debug */ = {
			isa = XCBuildConfiguration;
			buildSettings = {
				ALWAYS_SEARCH_USER_PATHS = NO;
				CLANG_ANALYZER_NONNULL = YES;
				CLANG_ANALYZER_NUMBER_OBJECT_CONVERSION = YES_AGGRESSIVE;
				CLANG_CXX_LANGUAGE_STANDARD = "gnu++14";
				CLANG_CXX_LIBRARY = "libc++";
				CLANG_ENABLE_MODULES = YES;
				CLANG_ENABLE_OBJC_ARC = YES;
				CLANG_WARN_BLOCK_CAPTURE_AUTORELEASING = YES;
				CLANG_WARN_BOOL_CONVERSION = YES;
				CLANG_WARN_COMMA = YES;
				CLANG_WARN_CONSTANT_CONVERSION = YES;
				CLANG_WARN_DIRECT_OBJC_ISA_USAGE = YES_ERROR;
				CLANG_WARN_DOCUMENTATION_COMMENTS = YES;
				CLANG_WARN_EMPTY_BODY = YES;
				CLANG_WARN_ENUM_CONVERSION = YES;
				CLANG_WARN_INFINITE_RECURSION = YES;
				CLANG_WARN_INT_CONVERSION = YES;
				CLANG_WARN_NON_LITERAL_NULL_CONVERSION = YES;
				CLANG_WARN_OBJC_LITERAL_CONVERSION = YES;
				CLANG_WARN_OBJC_ROOT_CLASS = YES_ERROR;
				CLANG_WARN_RANGE_LOOP_ANALYSIS = YES;
				CLANG_WARN_STRICT_PROTOTYPES = YES;
				CLANG_WARN_SUSPICIOUS_MOVE = YES;
				CLANG_WARN_UNGUARDED_AVAILABILITY = YES_AGGRESSIVE;
				CLANG_WARN_UNREACHABLE_CODE = YES;
				CLANG_WARN__DUPLICATE_METHOD_MATCH = YES;
				CODE_SIGN_IDENTITY = "iPhone Developer";
				COPY_PHASE_STRIP = NO;
				DEBUG_INFORMATION_FORMAT = dwarf;
				ENABLE_STRICT_OBJC_MSGSEND = YES;
				ENABLE_TESTABILITY = YES;
				GCC_C_LANGUAGE_STANDARD = gnu11;
				GCC_DYNAMIC_NO_PIC = NO;
				GCC_NO_COMMON_BLOCKS = YES;
				GCC_OPTIMIZATION_LEVEL = 0;
				GCC_PREPROCESSOR_DEFINITIONS = (
					"DEBUG=1",
					"$(inherited)",
				);
				GCC_WARN_64_TO_32_BIT_CONVERSION = YES;
				GCC_WARN_ABOUT_RETURN_TYPE = YES_ERROR;
				GCC_WARN_UNDECLARED_SELECTOR = YES;
				GCC_WARN_UNINITIALIZED_AUTOS = YES_AGGRESSIVE;
				GCC_WARN_UNUSED_FUNCTION = YES;
				GCC_WARN_UNUSED_VARIABLE = YES;
				IPHONEOS_DEPLOYMENT_TARGET = 11.2;
				MTL_ENABLE_DEBUG_INFO = YES;
				ONLY_ACTIVE_ARCH = YES;
				SDKROOT = iphoneos;
			};
			name = Debug;
		};
		4658AFDF1FF22C3100C4A337 /* Release */ = {
			isa = XCBuildConfiguration;
			buildSettings = {
				ALWAYS_SEARCH_USER_PATHS = NO;
				CLANG_ANALYZER_NONNULL = YES;
				CLANG_ANALYZER_NUMBER_OBJECT_CONVERSION = YES_AGGRESSIVE;
				CLANG_CXX_LANGUAGE_STANDARD = "gnu++14";
				CLANG_CXX_LIBRARY = "libc++";
				CLANG_ENABLE_MODULES = YES;
				CLANG_ENABLE_OBJC_ARC = YES;
				CLANG_WARN_BLOCK_CAPTURE_AUTORELEASING = YES;
				CLANG_WARN_BOOL_CONVERSION = YES;
				CLANG_WARN_COMMA = YES;
				CLANG_WARN_CONSTANT_CONVERSION = YES;
				CLANG_WARN_DIRECT_OBJC_ISA_USAGE = YES_ERROR;
				CLANG_WARN_DOCUMENTATION_COMMENTS = YES;
				CLANG_WARN_EMPTY_BODY = YES;
				CLANG_WARN_ENUM_CONVERSION = YES;
				CLANG_WARN_INFINITE_RECURSION = YES;
				CLANG_WARN_INT_CONVERSION = YES;
				CLANG_WARN_NON_LITERAL_NULL_CONVERSION = YES;
				CLANG_WARN_OBJC_LITERAL_CONVERSION = YES;
				CLANG_WARN_OBJC_ROOT_CLASS = YES_ERROR;
				CLANG_WARN_RANGE_LOOP_ANALYSIS = YES;
				CLANG_WARN_STRICT_PROTOTYPES = YES;
				CLANG_WARN_SUSPICIOUS_MOVE = YES;
				CLANG_WARN_UNGUARDED_AVAILABILITY = YES_AGGRESSIVE;
				CLANG_WARN_UNREACHABLE_CODE = YES;
				CLANG_WARN__DUPLICATE_METHOD_MATCH = YES;
				CODE_SIGN_IDENTITY = "iPhone Developer";
				COPY_PHASE_STRIP = NO;
				DEBUG_INFORMATION_FORMAT = "dwarf-with-dsym";
				ENABLE_NS_ASSERTIONS = NO;
				ENABLE_STRICT_OBJC_MSGSEND = YES;
				GCC_C_LANGUAGE_STANDARD = gnu11;
				GCC_NO_COMMON_BLOCKS = YES;
				GCC_WARN_64_TO_32_BIT_CONVERSION = YES;
				GCC_WARN_ABOUT_RETURN_TYPE = YES_ERROR;
				GCC_WARN_UNDECLARED_SELECTOR = YES;
				GCC_WARN_UNINITIALIZED_AUTOS = YES_AGGRESSIVE;
				GCC_WARN_UNUSED_FUNCTION = YES;
				GCC_WARN_UNUSED_VARIABLE = YES;
				IPHONEOS_DEPLOYMENT_TARGET = 11.2;
				MTL_ENABLE_DEBUG_INFO = NO;
				SDKROOT = iphoneos;
				VALIDATE_PRODUCT = YES;
			};
			name = Release;
		};
		4658AFE11FF22C3100C4A337 /* Debug */ = {
			isa = XCBuildConfiguration;
			buildSettings = {
				ASSETCATALOG_COMPILER_APPICON_NAME = AppIcon;
				CODE_SIGN_STYLE = Automatic;
				DEVELOPMENT_TEAM = 5SUSTU4J6W;
				INFOPLIST_FILE = plist/Info.plist;
				IPHONEOS_DEPLOYMENT_TARGET = 11.2;
				LD_RUNPATH_SEARCH_PATHS = "$(inherited) @executable_path/Frameworks";
				PRODUCT_BUNDLE_IDENTIFIER = SetInfotech.plist;
				PRODUCT_NAME = "$(TARGET_NAME)";
				TARGETED_DEVICE_FAMILY = 1;
			};
			name = Debug;
		};
		4658AFE21FF22C3100C4A337 /* Release */ = {
			isa = XCBuildConfiguration;
			buildSettings = {
				ASSETCATALOG_COMPILER_APPICON_NAME = AppIcon;
				CODE_SIGN_STYLE = Automatic;
				DEVELOPMENT_TEAM = 5SUSTU4J6W;
				INFOPLIST_FILE = plist/Info.plist;
				IPHONEOS_DEPLOYMENT_TARGET = 11.2;
				LD_RUNPATH_SEARCH_PATHS = "$(inherited) @executable_path/Frameworks";
				PRODUCT_BUNDLE_IDENTIFIER = SetInfotech.plist;
				PRODUCT_NAME = "$(TARGET_NAME)";
				TARGETED_DEVICE_FAMILY = 1;
			};
			name = Release;
		};
/* End XCBuildConfiguration section */

/* Begin XCConfigurationList section */
		4658AFC21FF22C2D00C4A337 /* Build configuration list for PBXProject "plist" */ = {
			isa = XCConfigurationList;
			buildConfigurations = (
				4658AFDE1FF22C3100C4A337 /* Debug */,
				4658AFDF1FF22C3100C4A337 /* Release */,
			);
			defaultConfigurationIsVisible = 0;
			defaultConfigurationName = Release;
		};
		4658AFE01FF22C3100C4A337 /* Build configuration list for PBXNativeTarget "plist" */ = {
			isa = XCConfigurationList;
			buildConfigurations = (
				4658AFE11FF22C3100C4A337 /* Debug */,
				4658AFE21FF22C3100C4A337 /* Release */,
			);
			defaultConfigurationIsVisible = 0;
			defaultConfigurationName = Release;
		};
/* End XCConfigurationList section */

/* Begin XCVersionGroup section */
		4658AFD31FF22C3000C4A337 /* plist.xcdatamodeld */ = {
			isa = XCVersionGroup;
			children = (
				4658AFD41FF22C3000C4A337 /* plist.xcdatamodel */,
			);
			currentVersion = 4658AFD41FF22C3000C4A337 /* plist.xcdatamodel */;
			path = plist.xcdatamodeld;
			sourceTree = "<group>";
			versionGroupType = wrapper.xcdatamodel;
		};
/* End XCVersionGroup section */
	};
	rootObject = 4658AFBF1FF22C2D00C4A337 /* Project object */;
}
